
Microsoft Visual Studio Solution File, Format Version 12.00
# Visual Studio Version 17
VisualStudioVersion = 17.1.32210.238
MinimumVisualStudioVersion = 10.0.40219.1
Project("{FAE04EC0-301F-11D3-BF4B-00C04F79EFBC}") = "Homework", "Homework\Homework.csproj", "{FEBC1FF4-0D41-4B97-B537-C9007CE6CDF3}"
EndProject
Project("{FAE04EC0-301F-11D3-BF4B-00C04F79EFBC}") = "DictionaryPractice", "DictionaryPractice\DictionaryPractice.csproj", "{21B2CA02-5335-4D43-9945-03DA1730BFCA}"
EndProject
Project("{FAE04EC0-301F-11D3-BF4B-00C04F79EFBC}") = "DateTimePractice", "DateTimePractice\DateTimePractice.csproj", "{7E9F0856-39A0-43AB-97E2-24863274B42A}"
EndProject
Global
	GlobalSection(SolutionConfigurationPlatforms) = preSolution
		Debug|Any CPU = Debug|Any CPU
		Release|Any CPU = Release|Any CPU
	EndGlobalSection
	GlobalSection(ProjectConfigurationPlatforms) = postSolution
		{FEBC1FF4-0D41-4B97-B537-C9007CE6CDF3}.Debug|Any CPU.ActiveCfg = Debug|Any CPU
		{FEBC1FF4-0D41-4B97-B537-C9007CE6CDF3}.Debug|Any CPU.Build.0 = Debug|Any CPU
		{FEBC1FF4-0D41-4B97-B537-C9007CE6CDF3}.Release|Any CPU.ActiveCfg = Release|Any CPU
		{FEBC1FF4-0D41-4B97-B537-C9007CE6CDF3}.Release|Any CPU.Build.0 = Release|Any CPU
		{21B2CA02-5335-4D43-9945-03DA1730BFCA}.Debug|Any CPU.ActiveCfg = Debug|Any CPU
		{21B2CA02-5335-4D43-9945-03DA1730BFCA}.Debug|Any CPU.Build.0 = Debug|Any CPU
		{21B2CA02-5335-4D43-9945-03DA1730BFCA}.Release|Any CPU.ActiveCfg = Release|Any CPU
		{21B2CA02-5335-4D43-9945-03DA1730BFCA}.Release|Any CPU.Build.0 = Release|Any CPU
		{7E9F0856-39A0-43AB-97E2-24863274B42A}.Debug|Any CPU.ActiveCfg = Debug|Any CPU
		{7E9F0856-39A0-43AB-97E2-24863274B42A}.Debug|Any CPU.Build.0 = Debug|Any CPU
		{7E9F0856-39A0-43AB-97E2-24863274B42A}.Release|Any CPU.ActiveCfg = Release|Any CPU
		{7E9F0856-39A0-43AB-97E2-24863274B42A}.Release|Any CPU.Build.0 = Release|Any CPU
	EndGlobalSection
	GlobalSection(SolutionProperties) = preSolution
		HideSolutionNode = FALSE
	EndGlobalSection
	GlobalSection(ExtensibilityGlobals) = postSolution
		SolutionGuid = {8451BFDD-89E1-4C3C-9E4C-B0F9D01B5D35}
	EndGlobalSection
EndGlobal
